schema: '2.0'
stages:
  parse_svg:
    cmd: python image_processing/parse_svg.py
    deps:
    - path: data/traits
      md5: 487526998a93236b17018c4ee1e35bcc.dir
      size: 85519
      nfiles: 97
    - path: image_processing/parse_svg.py
      md5: 0ab37a5a4cbfb5d00a18d78d3a22de56
      size: 3733
    outs:
    - path: data/palettes.json
      md5: f187d6dd93821293fab553b27c4bfa12
      size: 111602
    - path: data/traits_computed
      md5: 274720834b6e35dc770b0b8a4ea047b9.dir
      size: 43332
      nfiles: 91
