schema: '2.0'
stages:
  parse_svg:
    cmd: python image_processing/parse_svg.py
    deps:
    - path: data/traits
      md5: 7b722adbe365d1571d0c7a45bccec3cc.dir
      size: 85682
      nfiles: 98
    - path: image_processing/parse_svg.py
      md5: 0ab37a5a4cbfb5d00a18d78d3a22de56
      size: 3733
    outs:
    - path: data/palettes.json
      md5: 4ed811e2ee39a70e8001fc11ed21a98f
      size: 111855
    - path: data/traits_computed
      md5: d77c911c9106a95f2d499587c0c896f6.dir
      size: 43483
      nfiles: 92
